
Microsoft Visual Studio Solution File, Format Version 12.00
# Visual Studio Version 16
VisualStudioVersion = 16.0.29306.81
MinimumVisualStudioVersion = 10.0.40219.1
Project("{8BC9CEB8-8B4A-11D0-8D11-00A0C91BC942}") = "WinAPI_2", "WinAPI_2\WinAPI_2.vcxproj", "{A3084FB1-5C8D-4F3A-95C0-6A67DA3FE829}"
EndProject
Global
	GlobalSection(SolutionConfigurationPlatforms) = preSolution
		Debug|x64 = Debug|x64
		Debug|x86 = Debug|x86
		Release|x64 = Release|x64
		Release|x86 = Release|x86
	EndGlobalSection
	GlobalSection(ProjectConfigurationPlatforms) = postSolution
		{A3084FB1-5C8D-4F3A-95C0-6A67DA3FE829}.Debug|x64.ActiveCfg = Debug|x64
		{A3084FB1-5C8D-4F3A-95C0-6A67DA3FE829}.Debug|x64.Build.0 = Debug|x64
		{A3084FB1-5C8D-4F3A-95C0-6A67DA3FE829}.Debug|x86.ActiveCfg = Debug|Win32
		{A3084FB1-5C8D-4F3A-95C0-6A67DA3FE829}.Debug|x86.Build.0 = Debug|Win32
		{A3084FB1-5C8D-4F3A-95C0-6A67DA3FE829}.Release|x64.ActiveCfg = Release|x64
		{A3084FB1-5C8D-4F3A-95C0-6A67DA3FE829}.Release|x64.Build.0 = Release|x64
		{A3084FB1-5C8D-4F3A-95C0-6A67DA3FE829}.Release|x86.ActiveCfg = Release|Win32
		{A3084FB1-5C8D-4F3A-95C0-6A67DA3FE829}.Release|x86.Build.0 = Release|Win32
	EndGlobalSection
	GlobalSection(SolutionProperties) = preSolution
		HideSolutionNode = FALSE
	EndGlobalSection
	GlobalSection(ExtensibilityGlobals) = postSolution
		SolutionGuid = {EB6AA085-991E-4917-B9D1-B81A19A75ED1}
	EndGlobalSection
EndGlobal
